// !$*UTF8*$!
{
	archiveVersion = 1;
	classes = {
	};
	objectVersion = 46;
	objects = {

/* Begin PBXBuildFile section */
		A79D316018C4966E000A2C42 /* PhotosImageViewController.m in Sources */ = {isa = PBXBuildFile; fileRef = A79D315F18C4966E000A2C42 /* PhotosImageViewController.m */; };
		A79D316318C4988C000A2C42 /* PhotosAddViewController.m in Sources */ = {isa = PBXBuildFile; fileRef = A79D316218C4988C000A2C42 /* PhotosAddViewController.m */; };
		A7BFDA4A18C37C3E0035FB59 /* PhotosSearchViewController.m in Sources */ = {isa = PBXBuildFile; fileRef = A7BFDA4918C37C3E0035FB59 /* PhotosSearchViewController.m */; };
		A7BFDA4D18C3857D0035FB59 /* DownloadingPhoto.m in Sources */ = {isa = PBXBuildFile; fileRef = A7BFDA4C18C3857D0035FB59 /* DownloadingPhoto.m */; };
		A7C8525218BF5E4D004032D0 /* Foundation.framework in Frameworks */ = {isa = PBXBuildFile; fileRef = A7C8525118BF5E4D004032D0 /* Foundation.framework */; };
		A7C8525418BF5E4D004032D0 /* CoreGraphics.framework in Frameworks */ = {isa = PBXBuildFile; fileRef = A7C8525318BF5E4D004032D0 /* CoreGraphics.framework */; };
		A7C8525618BF5E4D004032D0 /* UIKit.framework in Frameworks */ = {isa = PBXBuildFile; fileRef = A7C8525518BF5E4D004032D0 /* UIKit.framework */; };
		A7C8525818BF5E4D004032D0 /* CoreData.framework in Frameworks */ = {isa = PBXBuildFile; fileRef = A7C8525718BF5E4D004032D0 /* CoreData.framework */; };
		A7C8525E18BF5E4D004032D0 /* InfoPlist.strings in Resources */ = {isa = PBXBuildFile; fileRef = A7C8525C18BF5E4D004032D0 /* InfoPlist.strings */; };
		A7C8526018BF5E4D004032D0 /* main.m in Sources */ = {isa = PBXBuildFile; fileRef = A7C8525F18BF5E4D004032D0 /* main.m */; };
		A7C8526418BF5E4D004032D0 /* PhotosAppDelegate.m in Sources */ = {isa = PBXBuildFile; fileRef = A7C8526318BF5E4D004032D0 /* PhotosAppDelegate.m */; };
		A7C8526718BF5E4D004032D0 /* Main_iPhone.storyboard in Resources */ = {isa = PBXBuildFile; fileRef = A7C8526518BF5E4D004032D0 /* Main_iPhone.storyboard */; };
		A7C8526A18BF5E4D004032D0 /* Main_iPad.storyboard in Resources */ = {isa = PBXBuildFile; fileRef = A7C8526818BF5E4D004032D0 /* Main_iPad.storyboard */; };
		A7C8526D18BF5E4D004032D0 /* InternetPhotos2.xcdatamodeld in Sources */ = {isa = PBXBuildFile; fileRef = A7C8526B18BF5E4D004032D0 /* InternetPhotos2.xcdatamodeld */; };
		A7C8527518BF5E4D004032D0 /* Images.xcassets in Resources */ = {isa = PBXBuildFile; fileRef = A7C8527418BF5E4D004032D0 /* Images.xcassets */; };
		A7C8527C18BF5E4D004032D0 /* XCTest.framework in Frameworks */ = {isa = PBXBuildFile; fileRef = A7C8527B18BF5E4D004032D0 /* XCTest.framework */; };
		A7C8527D18BF5E4D004032D0 /* Foundation.framework in Frameworks */ = {isa = PBXBuildFile; fileRef = A7C8525118BF5E4D004032D0 /* Foundation.framework */; };
		A7C8527E18BF5E4D004032D0 /* UIKit.framework in Frameworks */ = {isa = PBXBuildFile; fileRef = A7C8525518BF5E4D004032D0 /* UIKit.framework */; };
		A7C8527F18BF5E4D004032D0 /* CoreData.framework in Frameworks */ = {isa = PBXBuildFile; fileRef = A7C8525718BF5E4D004032D0 /* CoreData.framework */; };
		A7C8528718BF5E4D004032D0 /* InfoPlist.strings in Resources */ = {isa = PBXBuildFile; fileRef = A7C8528518BF5E4D004032D0 /* InfoPlist.strings */; };
		A7C8528918BF5E4D004032D0 /* InternetPhotos2Tests.m in Sources */ = {isa = PBXBuildFile; fileRef = A7C8528818BF5E4D004032D0 /* InternetPhotos2Tests.m */; };
		A7C8529418BF5ED0004032D0 /* PhotosMasterViewController.m in Sources */ = {isa = PBXBuildFile; fileRef = A7C8529318BF5ED0004032D0 /* PhotosMasterViewController.m */; };
		A7C8529A18BF741F004032D0 /* Photo.m in Sources */ = {isa = PBXBuildFile; fileRef = A7C8529918BF741F004032D0 /* Photo.m */; };
		A7C8529D18BF74D6004032D0 /* Website.m in Sources */ = {isa = PBXBuildFile; fileRef = A7C8529C18BF74D6004032D0 /* Website.m */; };
/* End PBXBuildFile section */

/* Begin PBXContainerItemProxy section */
		A7C8528018BF5E4D004032D0 /* PBXContainerItemProxy */ = {
			isa = PBXContainerItemProxy;
			containerPortal = A7C8524618BF5E4D004032D0 /* Project object */;
			proxyType = 1;
			remoteGlobalIDString = A7C8524D18BF5E4D004032D0;
			remoteInfo = InternetPhotos2;
		};
/* End PBXContainerItemProxy section */

/* Begin PBXFileReference section */
		A79D315E18C4966E000A2C42 /* PhotosImageViewController.h */ = {isa = PBXFileReference; fileEncoding = 4; lastKnownFileType = sourcecode.c.h; path = PhotosImageViewController.h; sourceTree = "<group>"; };
		A79D315F18C4966E000A2C42 /* PhotosImageViewController.m */ = {isa = PBXFileReference; fileEncoding = 4; lastKnownFileType = sourcecode.c.objc; path = PhotosImageViewController.m; sourceTree = "<group>"; };
		A79D316118C4988C000A2C42 /* PhotosAddViewController.h */ = {isa = PBXFileReference; fileEncoding = 4; lastKnownFileType = sourcecode.c.h; path = PhotosAddViewController.h; sourceTree = "<group>"; };
		A79D316218C4988C000A2C42 /* PhotosAddViewController.m */ = {isa = PBXFileReference; fileEncoding = 4; lastKnownFileType = sourcecode.c.objc; path = PhotosAddViewController.m; sourceTree = "<group>"; };
		A7BFDA4818C37C3E0035FB59 /* PhotosSearchViewController.h */ = {isa = PBXFileReference; fileEncoding = 4; lastKnownFileType = sourcecode.c.h; path = PhotosSearchViewController.h; sourceTree = "<group>"; };
		A7BFDA4918C37C3E0035FB59 /* PhotosSearchViewController.m */ = {isa = PBXFileReference; fileEncoding = 4; lastKnownFileType = sourcecode.c.objc; path = PhotosSearchViewController.m; sourceTree = "<group>"; };
		A7BFDA4B18C3857D0035FB59 /* DownloadingPhoto.h */ = {isa = PBXFileReference; fileEncoding = 4; lastKnownFileType = sourcecode.c.h; path = DownloadingPhoto.h; sourceTree = "<group>"; };
		A7BFDA4C18C3857D0035FB59 /* DownloadingPhoto.m */ = {isa = PBXFileReference; fileEncoding = 4; lastKnownFileType = sourcecode.c.objc; path = DownloadingPhoto.m; sourceTree = "<group>"; };
		A7C8524E18BF5E4D004032D0 /* InternetPhotos2.app */ = {isa = PBXFileReference; explicitFileType = wrapper.application; includeInIndex = 0; path = InternetPhotos2.app; sourceTree = BUILT_PRODUCTS_DIR; };
		A7C8525118BF5E4D004032D0 /* Foundation.framework */ = {isa = PBXFileReference; lastKnownFileType = wrapper.framework; name = Foundation.framework; path = System/Library/Frameworks/Foundation.framework; sourceTree = SDKROOT; };
		A7C8525318BF5E4D004032D0 /* CoreGraphics.framework */ = {isa = PBXFileReference; lastKnownFileType = wrapper.framework; name = CoreGraphics.framework; path = System/Library/Frameworks/CoreGraphics.framework; sourceTree = SDKROOT; };
		A7C8525518BF5E4D004032D0 /* UIKit.framework */ = {isa = PBXFileReference; lastKnownFileType = wrapper.framework; name = UIKit.framework; path = System/Library/Frameworks/UIKit.framework; sourceTree = SDKROOT; };
		A7C8525718BF5E4D004032D0 /* CoreData.framework */ = {isa = PBXFileReference; lastKnownFileType = wrapper.framework; name = CoreData.framework; path = System/Library/Frameworks/CoreData.framework; sourceTree = SDKROOT; };
		A7C8525B18BF5E4D004032D0 /* InternetPhotos2-Info.plist */ = {isa = PBXFileReference; lastKnownFileType = text.plist.xml; path = "InternetPhotos2-Info.plist"; sourceTree = "<group>"; };
		A7C8525D18BF5E4D004032D0 /* en */ = {isa = PBXFileReference; lastKnownFileType = text.plist.strings; name = en; path = en.lproj/InfoPlist.strings; sourceTree = "<group>"; };
		A7C8525F18BF5E4D004032D0 /* main.m */ = {isa = PBXFileReference; lastKnownFileType = sourcecode.c.objc; path = main.m; sourceTree = "<group>"; };
		A7C8526118BF5E4D004032D0 /* InternetPhotos2-Prefix.pch */ = {isa = PBXFileReference; lastKnownFileType = sourcecode.c.h; path = "InternetPhotos2-Prefix.pch"; sourceTree = "<group>"; };
		A7C8526218BF5E4D004032D0 /* PhotosAppDelegate.h */ = {isa = PBXFileReference; lastKnownFileType = sourcecode.c.h; path = PhotosAppDelegate.h; sourceTree = "<group>"; };
		A7C8526318BF5E4D004032D0 /* PhotosAppDelegate.m */ = {isa = PBXFileReference; lastKnownFileType = sourcecode.c.objc; path = PhotosAppDelegate.m; sourceTree = "<group>"; };
		A7C8526618BF5E4D004032D0 /* Base */ = {isa = PBXFileReference; lastKnownFileType = file.storyboard; name = Base; path = Base.lproj/Main_iPhone.storyboard; sourceTree = "<group>"; };
		A7C8526918BF5E4D004032D0 /* Base */ = {isa = PBXFileReference; lastKnownFileType = file.storyboard; name = Base; path = Base.lproj/Main_iPad.storyboard; sourceTree = "<group>"; };
		A7C8526C18BF5E4D004032D0 /* InternetPhotos2.xcdatamodel */ = {isa = PBXFileReference; lastKnownFileType = wrapper.xcdatamodel; path = InternetPhotos2.xcdatamodel; sourceTree = "<group>"; };
		A7C8527418BF5E4D004032D0 /* Images.xcassets */ = {isa = PBXFileReference; lastKnownFileType = folder.assetcatalog; path = Images.xcassets; sourceTree = "<group>"; };
		A7C8527A18BF5E4D004032D0 /* InternetPhotos2Tests.xctest */ = {isa = PBXFileReference; explicitFileType = wrapper.cfbundle; includeInIndex = 0; path = InternetPhotos2Tests.xctest; sourceTree = BUILT_PRODUCTS_DIR; };
		A7C8527B18BF5E4D004032D0 /* XCTest.framework */ = {isa = PBXFileReference; lastKnownFileType = wrapper.framework; name = XCTest.framework; path = Library/Frameworks/XCTest.framework; sourceTree = DEVELOPER_DIR; };
		A7C8528418BF5E4D004032D0 /* InternetPhotos2Tests-Info.plist */ = {isa = PBXFileReference; lastKnownFileType = text.plist.xml; path = "InternetPhotos2Tests-Info.plist"; sourceTree = "<group>"; };
		A7C8528618BF5E4D004032D0 /* en */ = {isa = PBXFileReference; lastKnownFileType = text.plist.strings; name = en; path = en.lproj/InfoPlist.strings; sourceTree = "<group>"; };
		A7C8528818BF5E4D004032D0 /* InternetPhotos2Tests.m */ = {isa = PBXFileReference; lastKnownFileType = sourcecode.c.objc; path = InternetPhotos2Tests.m; sourceTree = "<group>"; };
		A7C8529218BF5ED0004032D0 /* PhotosMasterViewController.h */ = {isa = PBXFileReference; fileEncoding = 4; lastKnownFileType = sourcecode.c.h; path = PhotosMasterViewController.h; sourceTree = "<group>"; };
		A7C8529318BF5ED0004032D0 /* PhotosMasterViewController.m */ = {isa = PBXFileReference; fileEncoding = 4; lastKnownFileType = sourcecode.c.objc; path = PhotosMasterViewController.m; sourceTree = "<group>"; };
		A7C8529818BF741F004032D0 /* Photo.h */ = {isa = PBXFileReference; fileEncoding = 4; lastKnownFileType = sourcecode.c.h; path = Photo.h; sourceTree = "<group>"; };
		A7C8529918BF741F004032D0 /* Photo.m */ = {isa = PBXFileReference; fileEncoding = 4; lastKnownFileType = sourcecode.c.objc; path = Photo.m; sourceTree = "<group>"; };
		A7C8529B18BF74D6004032D0 /* Website.h */ = {isa = PBXFileReference; fileEncoding = 4; lastKnownFileType = sourcecode.c.h; path = Website.h; sourceTree = "<group>"; };
		A7C8529C18BF74D6004032D0 /* Website.m */ = {isa = PBXFileReference; fileEncoding = 4; lastKnownFileType = sourcecode.c.objc; path = Website.m; sourceTree = "<group>"; };
/* End PBXFileReference section */

/* Begin PBXFrameworksBuildPhase section */
		A7C8524B18BF5E4D004032D0 /* Frameworks */ = {
			isa = PBXFrameworksBuildPhase;
			buildActionMask = 2147483647;
			files = (
				A7C8525418BF5E4D004032D0 /* CoreGraphics.framework in Frameworks */,
				A7C8525818BF5E4D004032D0 /* CoreData.framework in Frameworks */,
				A7C8525618BF5E4D004032D0 /* UIKit.framework in Frameworks */,
				A7C8525218BF5E4D004032D0 /* Foundation.framework in Frameworks */,
			);
			runOnlyForDeploymentPostprocessing = 0;
		};
		A7C8527718BF5E4D004032D0 /* Frameworks */ = {
			isa = PBXFrameworksBuildPhase;
			buildActionMask = 2147483647;
			files = (
				A7C8527C18BF5E4D004032D0 /* XCTest.framework in Frameworks */,
				A7C8527F18BF5E4D004032D0 /* CoreData.framework in Frameworks */,
				A7C8527E18BF5E4D004032D0 /* UIKit.framework in Frameworks */,
				A7C8527D18BF5E4D004032D0 /* Foundation.framework in Frameworks */,
			);
			runOnlyForDeploymentPostprocessing = 0;
		};
/* End PBXFrameworksBuildPhase section */

/* Begin PBXGroup section */
		A7C8524518BF5E4D004032D0 = {
			isa = PBXGroup;
			children = (
				A7C8525918BF5E4D004032D0 /* InternetPhotos2 */,
				A7C8528218BF5E4D004032D0 /* InternetPhotos2Tests */,
				A7C8525018BF5E4D004032D0 /* Frameworks */,
				A7C8524F18BF5E4D004032D0 /* Products */,
			);
			sourceTree = "<group>";
		};
		A7C8524F18BF5E4D004032D0 /* Products */ = {
			isa = PBXGroup;
			children = (
				A7C8524E18BF5E4D004032D0 /* InternetPhotos2.app */,
				A7C8527A18BF5E4D004032D0 /* InternetPhotos2Tests.xctest */,
			);
			name = Products;
			sourceTree = "<group>";
		};
		A7C8525018BF5E4D004032D0 /* Frameworks */ = {
			isa = PBXGroup;
			children = (
				A7C8525118BF5E4D004032D0 /* Foundation.framework */,
				A7C8525318BF5E4D004032D0 /* CoreGraphics.framework */,
				A7C8525518BF5E4D004032D0 /* UIKit.framework */,
				A7C8525718BF5E4D004032D0 /* CoreData.framework */,
				A7C8527B18BF5E4D004032D0 /* XCTest.framework */,
			);
			name = Frameworks;
			sourceTree = "<group>";
		};
		A7C8525918BF5E4D004032D0 /* InternetPhotos2 */ = {
			isa = PBXGroup;
			children = (
				A7C8526218BF5E4D004032D0 /* PhotosAppDelegate.h */,
				A7C8526318BF5E4D004032D0 /* PhotosAppDelegate.m */,
				A7C8526518BF5E4D004032D0 /* Main_iPhone.storyboard */,
				A7C8526818BF5E4D004032D0 /* Main_iPad.storyboard */,
				A7C8527418BF5E4D004032D0 /* Images.xcassets */,
				A7C8526B18BF5E4D004032D0 /* InternetPhotos2.xcdatamodeld */,
				A7C8529B18BF74D6004032D0 /* Website.h */,
				A7C8529C18BF74D6004032D0 /* Website.m */,
				A7C8529818BF741F004032D0 /* Photo.h */,
				A7C8529918BF741F004032D0 /* Photo.m */,
				A7C8525A18BF5E4D004032D0 /* Supporting Files */,
				A7C8529218BF5ED0004032D0 /* PhotosMasterViewController.h */,
				A7C8529318BF5ED0004032D0 /* PhotosMasterViewController.m */,
				A7BFDA4B18C3857D0035FB59 /* DownloadingPhoto.h */,
				A7BFDA4C18C3857D0035FB59 /* DownloadingPhoto.m */,
				A7BFDA4818C37C3E0035FB59 /* PhotosSearchViewController.h */,
				A7BFDA4918C37C3E0035FB59 /* PhotosSearchViewController.m */,
				A79D315E18C4966E000A2C42 /* PhotosImageViewController.h */,
				A79D315F18C4966E000A2C42 /* PhotosImageViewController.m */,
				A79D316118C4988C000A2C42 /* PhotosAddViewController.h */,
				A79D316218C4988C000A2C42 /* PhotosAddViewController.m */,
			);
			path = InternetPhotos2;
			sourceTree = "<group>";
		};
		A7C8525A18BF5E4D004032D0 /* Supporting Files */ = {
			isa = PBXGroup;
			children = (
				A7C8525B18BF5E4D004032D0 /* InternetPhotos2-Info.plist */,
				A7C8525C18BF5E4D004032D0 /* InfoPlist.strings */,
				A7C8525F18BF5E4D004032D0 /* main.m */,
				A7C8526118BF5E4D004032D0 /* InternetPhotos2-Prefix.pch */,
			);
			name = "Supporting Files";
			sourceTree = "<group>";
		};
		A7C8528218BF5E4D004032D0 /* InternetPhotos2Tests */ = {
			isa = PBXGroup;
			children = (
				A7C8528818BF5E4D004032D0 /* InternetPhotos2Tests.m */,
				A7C8528318BF5E4D004032D0 /* Supporting Files */,
			);
			path = InternetPhotos2Tests;
			sourceTree = "<group>";
		};
		A7C8528318BF5E4D004032D0 /* Supporting Files */ = {
			isa = PBXGroup;
			children = (
				A7C8528418BF5E4D004032D0 /* InternetPhotos2Tests-Info.plist */,
				A7C8528518BF5E4D004032D0 /* InfoPlist.strings */,
			);
			name = "Supporting Files";
			sourceTree = "<group>";
		};
/* End PBXGroup section */

/* Begin PBXNativeTarget section */
		A7C8524D18BF5E4D004032D0 /* InternetPhotos2 */ = {
			isa = PBXNativeTarget;
			buildConfigurationList = A7C8528C18BF5E4D004032D0 /* Build configuration list for PBXNativeTarget "InternetPhotos2" */;
			buildPhases = (
				A7C8524A18BF5E4D004032D0 /* Sources */,
				A7C8524B18BF5E4D004032D0 /* Frameworks */,
				A7C8524C18BF5E4D004032D0 /* Resources */,
			);
			buildRules = (
			);
			dependencies = (
			);
			name = InternetPhotos2;
			productName = InternetPhotos2;
			productReference = A7C8524E18BF5E4D004032D0 /* InternetPhotos2.app */;
			productType = "com.apple.product-type.application";
		};
		A7C8527918BF5E4D004032D0 /* InternetPhotos2Tests */ = {
			isa = PBXNativeTarget;
			buildConfigurationList = A7C8528F18BF5E4D004032D0 /* Build configuration list for PBXNativeTarget "InternetPhotos2Tests" */;
			buildPhases = (
				A7C8527618BF5E4D004032D0 /* Sources */,
				A7C8527718BF5E4D004032D0 /* Frameworks */,
				A7C8527818BF5E4D004032D0 /* Resources */,
			);
			buildRules = (
			);
			dependencies = (
				A7C8528118BF5E4D004032D0 /* PBXTargetDependency */,
			);
			name = InternetPhotos2Tests;
			productName = InternetPhotos2Tests;
			productReference = A7C8527A18BF5E4D004032D0 /* InternetPhotos2Tests.xctest */;
			productType = "com.apple.product-type.bundle.unit-test";
		};
/* End PBXNativeTarget section */

/* Begin PBXProject section */
		A7C8524618BF5E4D004032D0 /* Project object */ = {
			isa = PBXProject;
			attributes = {
				CLASSPREFIX = Photos;
				LastUpgradeCheck = 0500;
				ORGANIZATIONNAME = "Pavlo Kytsmey";
				TargetAttributes = {
					A7C8527918BF5E4D004032D0 = {
						TestTargetID = A7C8524D18BF5E4D004032D0;
					};
				};
			};
			buildConfigurationList = A7C8524918BF5E4D004032D0 /* Build configuration list for PBXProject "InternetPhotos2" */;
			compatibilityVersion = "Xcode 3.2";
			developmentRegion = English;
			hasScannedForEncodings = 0;
			knownRegions = (
				en,
				Base,
			);
			mainGroup = A7C8524518BF5E4D004032D0;
			productRefGroup = A7C8524F18BF5E4D004032D0 /* Products */;
			projectDirPath = "";
			projectRoot = "";
			targets = (
				A7C8524D18BF5E4D004032D0 /* InternetPhotos2 */,
				A7C8527918BF5E4D004032D0 /* InternetPhotos2Tests */,
			);
		};
/* End PBXProject section */

/* Begin PBXResourcesBuildPhase section */
		A7C8524C18BF5E4D004032D0 /* Resources */ = {
			isa = PBXResourcesBuildPhase;
			buildActionMask = 2147483647;
			files = (
				A7C8526A18BF5E4D004032D0 /* Main_iPad.storyboard in Resources */,
				A7C8527518BF5E4D004032D0 /* Images.xcassets in Resources */,
				A7C8526718BF5E4D004032D0 /* Main_iPhone.storyboard in Resources */,
				A7C8525E18BF5E4D004032D0 /* InfoPlist.strings in Resources */,
			);
			runOnlyForDeploymentPostprocessing = 0;
		};
		A7C8527818BF5E4D004032D0 /* Resources */ = {
			isa = PBXResourcesBuildPhase;
			buildActionMask = 2147483647;
			files = (
				A7C8528718BF5E4D004032D0 /* InfoPlist.strings in Resources */,
			);
			runOnlyForDeploymentPostprocessing = 0;
		};
/* End PBXResourcesBuildPhase section */

/* Begin PBXSourcesBuildPhase section */
		A7C8524A18BF5E4D004032D0 /* Sources */ = {
			isa = PBXSourcesBuildPhase;
			buildActionMask = 2147483647;
			files = (
				A7C8529A18BF741F004032D0 /* Photo.m in Sources */,
				A79D316318C4988C000A2C42 /* PhotosAddViewController.m in Sources */,
				A7C8526018BF5E4D004032D0 /* main.m in Sources */,
				A7C8526418BF5E4D004032D0 /* PhotosAppDelegate.m in Sources */,
				A7C8529D18BF74D6004032D0 /* Website.m in Sources */,
				A7BFDA4A18C37C3E0035FB59 /* PhotosSearchViewController.m in Sources */,
				A7BFDA4D18C3857D0035FB59 /* DownloadingPhoto.m in Sources */,
				A7C8526D18BF5E4D004032D0 /* InternetPhotos2.xcdatamodeld in Sources */,
				A79D316018C4966E000A2C42 /* PhotosImageViewController.m in Sources */,
				A7C8529418BF5ED0004032D0 /* PhotosMasterViewController.m in Sources */,
			);
			runOnlyForDeploymentPostprocessing = 0;
		};
		A7C8527618BF5E4D004032D0 /* Sources */ = {
			isa = PBXSourcesBuildPhase;
			buildActionMask = 2147483647;
			files = (
				A7C8528918BF5E4D004032D0 /* InternetPhotos2Tests.m in Sources */,
			);
			runOnlyForDeploymentPostprocessing = 0;
		};
/* End PBXSourcesBuildPhase section */

/* Begin PBXTargetDependency section */
		A7C8528118BF5E4D004032D0 /* PBXTargetDependency */ = {
			isa = PBXTargetDependency;
			target = A7C8524D18BF5E4D004032D0 /* InternetPhotos2 */;
			targetProxy = A7C8528018BF5E4D004032D0 /* PBXContainerItemProxy */;
		};
/* End PBXTargetDependency section */

/* Begin PBXVariantGroup section */
		A7C8525C18BF5E4D004032D0 /* InfoPlist.strings */ = {
			isa = PBXVariantGroup;
			children = (
				A7C8525D18BF5E4D004032D0 /* en */,
			);
			name = InfoPlist.strings;
			sourceTree = "<group>";
		};
		A7C8526518BF5E4D004032D0 /* Main_iPhone.storyboard */ = {
			isa = PBXVariantGroup;
			children = (
				A7C8526618BF5E4D004032D0 /* Base */,
			);
			name = Main_iPhone.storyboard;
			sourceTree = "<group>";
		};
		A7C8526818BF5E4D004032D0 /* Main_iPad.storyboard */ = {
			isa = PBXVariantGroup;
			children = (
				A7C8526918BF5E4D004032D0 /* Base */,
			);
			name = Main_iPad.storyboard;
			sourceTree = "<group>";
		};
		A7C8528518BF5E4D004032D0 /* InfoPlist.strings */ = {
			isa = PBXVariantGroup;
			children = (
				A7C8528618BF5E4D004032D0 /* en */,
			);
			name = InfoPlist.strings;
			sourceTree = "<group>";
		};
/* End PBXVariantGroup section */

/* Begin XCBuildConfiguration section */
		A7C8528A18BF5E4D004032D0 /* Debug */ = {
			isa = XCBuildConfiguration;
			buildSettings = {
				ALWAYS_SEARCH_USER_PATHS = NO;
				ARCHS = "$(ARCHS_STANDARD_INCLUDING_64_BIT)";
				CLANG_CXX_LANGUAGE_STANDARD = "gnu++0x";
				CLANG_CXX_LIBRARY = "libc++";
				CLANG_ENABLE_MODULES = YES;
				CLANG_ENABLE_OBJC_ARC = YES;
				CLANG_WARN_BOOL_CONVERSION = YES;
				CLANG_WARN_CONSTANT_CONVERSION = YES;
				CLANG_WARN_DIRECT_OBJC_ISA_USAGE = YES_ERROR;
				CLANG_WARN_EMPTY_BODY = YES;
				CLANG_WARN_ENUM_CONVERSION = YES;
				CLANG_WARN_INT_CONVERSION = YES;
				CLANG_WARN_OBJC_ROOT_CLASS = YES_ERROR;
				CLANG_WARN__DUPLICATE_METHOD_MATCH = YES;
				"CODE_SIGN_IDENTITY[sdk=iphoneos*]" = "iPhone Developer";
				COPY_PHASE_STRIP = NO;
				GCC_C_LANGUAGE_STANDARD = gnu99;
				GCC_DYNAMIC_NO_PIC = NO;
				GCC_OPTIMIZATION_LEVEL = 0;
				GCC_PREPROCESSOR_DEFINITIONS = (
					"DEBUG=1",
					"$(inherited)",
				);
				GCC_SYMBOLS_PRIVATE_EXTERN = NO;
				GCC_WARN_64_TO_32_BIT_CONVERSION = YES;
				GCC_WARN_ABOUT_RETURN_TYPE = YES_ERROR;
				GCC_WARN_UNDECLARED_SELECTOR = YES;
				GCC_WARN_UNINITIALIZED_AUTOS = YES;
				GCC_WARN_UNUSED_FUNCTION = YES;
				GCC_WARN_UNUSED_VARIABLE = YES;
				IPHONEOS_DEPLOYMENT_TARGET = 7.0;
				ONLY_ACTIVE_ARCH = YES;
				SDKROOT = iphoneos;
				TARGETED_DEVICE_FAMILY = "1,2";
			};
			name = Debug;
		};
		A7C8528B18BF5E4D004032D0 /* Release */ = {
			isa = XCBuildConfiguration;
			buildSettings = {
				ALWAYS_SEARCH_USER_PATHS = NO;
				ARCHS = "$(ARCHS_STANDARD_INCLUDING_64_BIT)";
				CLANG_CXX_LANGUAGE_STANDARD = "gnu++0x";
				CLANG_CXX_LIBRARY = "libc++";
				CLANG_ENABLE_MODULES = YES;
				CLANG_ENABLE_OBJC_ARC = YES;
				CLANG_WARN_BOOL_CONVERSION = YES;
				CLANG_WARN_CONSTANT_CONVERSION = YES;
				CLANG_WARN_DIRECT_OBJC_ISA_USAGE = YES_ERROR;
				CLANG_WARN_EMPTY_BODY = YES;
				CLANG_WARN_ENUM_CONVERSION = YES;
				CLANG_WARN_INT_CONVERSION = YES;
				CLANG_WARN_OBJC_ROOT_CLASS = YES_ERROR;
				CLANG_WARN__DUPLICATE_METHOD_MATCH = YES;
				"CODE_SIGN_IDENTITY[sdk=iphoneos*]" = "iPhone Developer";
				COPY_PHASE_STRIP = YES;
				ENABLE_NS_ASSERTIONS = NO;
				GCC_C_LANGUAGE_STANDARD = gnu99;
				GCC_WARN_64_TO_32_BIT_CONVERSION = YES;
				GCC_WARN_ABOUT_RETURN_TYPE = YES_ERROR;
				GCC_WARN_UNDECLARED_SELECTOR = YES;
				GCC_WARN_UNINITIALIZED_AUTOS = YES;
				GCC_WARN_UNUSED_FUNCTION = YES;
				GCC_WARN_UNUSED_VARIABLE = YES;
				IPHONEOS_DEPLOYMENT_TARGET = 7.0;
				SDKROOT = iphoneos;
				TARGETED_DEVICE_FAMILY = "1,2";
				VALIDATE_PRODUCT = YES;
			};
			name = Release;
		};
		A7C8528D18BF5E4D004032D0 /* Debug */ = {
			isa = XCBuildConfiguration;
			buildSettings = {
				ASSETCATALOG_COMPILER_APPICON_NAME = AppIcon;
				ASSETCATALOG_COMPILER_LAUNCHIMAGE_NAME = LaunchImage;
				GCC_PRECOMPILE_PREFIX_HEADER = YES;
				GCC_PREFIX_HEADER = "InternetPhotos2/InternetPhotos2-Prefix.pch";
				INFOPLIST_FILE = "InternetPhotos2/InternetPhotos2-Info.plist";
				PRODUCT_NAME = "$(TARGET_NAME)";
				WRAPPER_EXTENSION = app;
			};
			name = Debug;
		};
		A7C8528E18BF5E4D004032D0 /* Release */ = {
			isa = XCBuildConfiguration;
			buildSettings = {
				ASSETCATALOG_COMPILER_APPICON_NAME = AppIcon;
				ASSETCATALOG_COMPILER_LAUNCHIMAGE_NAME = LaunchImage;
				GCC_PRECOMPILE_PREFIX_HEADER = YES;
				GCC_PREFIX_HEADER = "InternetPhotos2/InternetPhotos2-Prefix.pch";
				INFOPLIST_FILE = "InternetPhotos2/InternetPhotos2-Info.plist";
				PRODUCT_NAME = "$(TARGET_NAME)";
				WRAPPER_EXTENSION = app;
			};
			name = Release;
		};
		A7C8529018BF5E4D004032D0 /* Debug */ = {
			isa = XCBuildConfiguration;
			buildSettings = {
				ARCHS = "$(ARCHS_STANDARD_INCLUDING_64_BIT)";
				BUNDLE_LOADER = "$(BUILT_PRODUCTS_DIR)/InternetPhotos2.app/InternetPhotos2";
				FRAMEWORK_SEARCH_PATHS = (
					"$(SDKROOT)/Developer/Library/Frameworks",
					"$(inherited)",
					"$(DEVELOPER_FRAMEWORKS_DIR)",
				);
				GCC_PRECOMPILE_PREFIX_HEADER = YES;
				GCC_PREFIX_HEADER = "InternetPhotos2/InternetPhotos2-Prefix.pch";
				GCC_PREPROCESSOR_DEFINITIONS = (
					"DEBUG=1",
					"$(inherited)",
				);
				INFOPLIST_FILE = "InternetPhotos2Tests/InternetPhotos2Tests-Info.plist";
				PRODUCT_NAME = "$(TARGET_NAME)";
				TEST_HOST = "$(BUNDLE_LOADER)";
				WRAPPER_EXTENSION = xctest;
			};
			name = Debug;
		};
		A7C8529118BF5E4D004032D0 /* Release */ = {
			isa = XCBuildConfiguration;
			buildSettings = {
				ARCHS = "$(ARCHS_STANDARD_INCLUDING_64_BIT)";
				BUNDLE_LOADER = "$(BUILT_PRODUCTS_DIR)/InternetPhotos2.app/InternetPhotos2";
				FRAMEWORK_SEARCH_PATHS = (
					"$(SDKROOT)/Developer/Library/Frameworks",
					"$(inherited)",
					"$(DEVELOPER_FRAMEWORKS_DIR)",
				);
				GCC_PRECOMPILE_PREFIX_HEADER = YES;
				GCC_PREFIX_HEADER = "InternetPhotos2/InternetPhotos2-Prefix.pch";
				INFOPLIST_FILE = "InternetPhotos2Tests/InternetPhotos2Tests-Info.plist";
				PRODUCT_NAME = "$(TARGET_NAME)";
				TEST_HOST = "$(BUNDLE_LOADER)";
				WRAPPER_EXTENSION = xctest;
			};
			name = Release;
		};
/* End XCBuildConfiguration section */

/* Begin XCConfigurationList section */
		A7C8524918BF5E4D004032D0 /* Build configuration list for PBXProject "InternetPhotos2" */ = {
			isa = XCConfigurationList;
			buildConfigurations = (
				A7C8528A18BF5E4D004032D0 /* Debug */,
				A7C8528B18BF5E4D004032D0 /* Release */,
			);
			defaultConfigurationIsVisible = 0;
			defaultConfigurationName = Release;
		};
		A7C8528C18BF5E4D004032D0 /* Build configuration list for PBXNativeTarget "InternetPhotos2" */ = {
			isa = XCConfigurationList;
			buildConfigurations = (
				A7C8528D18BF5E4D004032D0 /* Debug */,
				A7C8528E18BF5E4D004032D0 /* Release */,
			);
			defaultConfigurationIsVisible = 0;
			defaultConfigurationName = Release;
		};
		A7C8528F18BF5E4D004032D0 /* Build configuration list for PBXNativeTarget "InternetPhotos2Tests" */ = {
			isa = XCConfigurationList;
			buildConfigurations = (
				A7C8529018BF5E4D004032D0 /* Debug */,
				A7C8529118BF5E4D004032D0 /* Release */,
			);
			defaultConfigurationIsVisible = 0;
			defaultConfigurationName = Release;
		};
/* End XCConfigurationList section */

/* Begin XCVersionGroup section */
		A7C8526B18BF5E4D004032D0 /* InternetPhotos2.xcdatamodeld */ = {
			isa = XCVersionGroup;
			children = (
				A7C8526C18BF5E4D004032D0 /* InternetPhotos2.xcdatamodel */,
			);
			currentVersion = A7C8526C18BF5E4D004032D0 /* InternetPhotos2.xcdatamodel */;
			path = InternetPhotos2.xcdatamodeld;
			sourceTree = "<group>";
			versionGroupType = wrapper.xcdatamodel;
		};
/* End XCVersionGroup section */
	};
	rootObject = A7C8524618BF5E4D004032D0 /* Project object */;
}
